
Microsoft Visual Studio Solution File, Format Version 12.00
# Visual Studio Version 17
VisualStudioVersion = 17.13.35825.156 d17.13
MinimumVisualStudioVersion = 10.0.40219.1
Project("{FAE04EC0-301F-11D3-BF4B-00C04F79EFBC}") = "SupermarketWEB", "SupermarketWEB.csproj", "{611648FB-E738-4020-959D-6F042A55B12D}"
EndProject
Global
	GlobalSection(SolutionConfigurationPlatforms) = preSolution
		Debug|Any CPU = Debug|Any CPU
		Release|Any CPU = Release|Any CPU
	EndGlobalSection
	GlobalSection(ProjectConfigurationPlatforms) = postSolution
		{611648FB-E738-4020-959D-6F042A55B12D}.Debug|Any CPU.ActiveCfg = Debug|Any CPU
		{611648FB-E738-4020-959D-6F042A55B12D}.Debug|Any CPU.Build.0 = Debug|Any CPU
		{611648FB-E738-4020-959D-6F042A55B12D}.Release|Any CPU.ActiveCfg = Release|Any CPU
		{611648FB-E738-4020-959D-6F042A55B12D}.Release|Any CPU.Build.0 = Release|Any CPU
	EndGlobalSection
	GlobalSection(SolutionProperties) = preSolution
		HideSolutionNode = FALSE
	EndGlobalSection
	GlobalSection(ExtensibilityGlobals) = postSolution
		SolutionGuid = {4840107F-D836-437A-8E60-9BCF3DCC7E82}
	EndGlobalSection
EndGlobal
